// !$*UTF8*$!
{
	archiveVersion = 1;
	classes = {
	};
	objectVersion = 110;
	objects = {

/* Begin PBXBuildFile section */
		AB2EFBE730643116003A23FB /* XiaohonshuFiltration Extension.appex in Embed Foundation Extensions */ = {isa = PBXBuildFile; fileRef = AB2EFBE630643116003A23FB /* XiaohonshuFiltration Extension.appex */; settings = {ATTRIBUTES = (RemoveHeadersOnCopy, ); }; };
/* End PBXBuildFile section */

/* Begin PBXContainerItemProxy section */
		AB2EFBE830643116003A23FB /* PBXContainerItemProxy */ = {
			isa = PBXContainerItemProxy;
			containerPortal = AB2EFBA330643115003A23FB /* Project object */;
			proxyType = 1;
			remoteGlobalIDString = AB2EFBE530643116003A23FB;
			remoteInfo = "XiaohonshuFiltration Extension (macOS)";
		};
/* End PBXContainerItemProxy section */

/* Begin PBXCopyFilesBuildPhase section */
		AB2EFC1930643116003A23FB /* Embed Foundation Extensions */ = {
			isa = PBXCopyFilesBuildPhase;
			dstPath = "";
			dstSubfolder = PlugIns;
			files = (
				AB2EFBE730643116003A23FB /* XiaohonshuFiltration Extension.appex in Embed Foundation Extensions */,
			);
			name = "Embed Foundation Extensions";
		};
/* End PBXCopyFilesBuildPhase section */

/* Begin PBXFileReference section */
		AB2EFBD130643116003A23FB /* XiaohonshuFiltration.app */ = {isa = PBXFileReference; explicitFileType = wrapper.application; includeInIndex = 0; path = XiaohonshuFiltration.app; sourceTree = BUILT_PRODUCTS_DIR; };
		AB2EFBE630643116003A23FB /* XiaohonshuFiltration Extension.appex */ = {isa = PBXFileReference; explicitFileType = "wrapper.app-extension"; includeInIndex = 0; path = "XiaohonshuFiltration Extension.appex"; sourceTree = BUILT_PRODUCTS_DIR; };
/* End PBXFileReference section */

/* Begin PBXFileSystemSynchronizedBuildFileExceptionSet section */
		AB2EFC1830643116003A23FB /* Exceptions for "macOS (Extension)" folder in "XiaohonshuFiltration Extension (macOS)" target */ = {
			isa = PBXFileSystemSynchronizedBuildFileExceptionSet;
			membershipExceptions = (
				Info.plist,
			);
			target = AB2EFBE530643116003A23FB /* XiaohonshuFiltration Extension (macOS) */;
		};
		ABE88AB03067C53800BC7121 /* Exceptions for "macOS (App)" folder in "XiaohonshuFiltration (macOS)" target */ = {
			isa = PBXFileSystemSynchronizedBuildFileExceptionSet;
			membershipExceptions = (
				"/Localized: Main.storyboard",
			);
			target = AB2EFBD030643116003A23FB /* XiaohonshuFiltration (macOS) */;
		};
/* End PBXFileSystemSynchronizedBuildFileExceptionSet section */

/* Begin PBXFileSystemSynchronizedRootGroup section */
		AB2EFBA730643115003A23FB /* Shared (App) */ = {
			isa = PBXFileSystemSynchronizedRootGroup;
			path = "Shared (App)";
			sourceTree = "<group>";
		};
		AB2EFBB030643116003A23FB /* Shared (Extension) */ = {
			isa = PBXFileSystemSynchronizedRootGroup;
			explicitFolders = (
				Resources/_locales,
				Resources/images,
			);
			path = "Shared (Extension)";
			sourceTree = "<group>";
		};
		AB2EFBD230643116003A23FB /* macOS (App) */ = {
			isa = PBXFileSystemSynchronizedRootGroup;
			exceptions = (
				ABE88AB03067C53800BC7121 /* Exceptions for "macOS (App)" folder in "XiaohonshuFiltration (macOS)" target */,
			);
			path = "macOS (App)";
			sourceTree = "<group>";
		};
		AB2EFBEA30643116003A23FB /* macOS (Extension) */ = {
			isa = PBXFileSystemSynchronizedRootGroup;
			exceptions = (
				AB2EFC1830643116003A23FB /* Exceptions for "macOS (Extension)" folder in "XiaohonshuFiltration Extension (macOS)" target */,
			);
			path = "macOS (Extension)";
			sourceTree = "<group>";
		};
/* End PBXFileSystemSynchronizedRootGroup section */

/* Begin PBXFrameworksBuildPhase section */
		AB2EFBBC30643116003A23FB /* Frameworks */ = {
			isa = PBXFrameworksBuildPhase;
			files = (
			);
		};
		AB2EFBCE30643116003A23FB /* Frameworks */ = {
			isa = PBXFrameworksBuildPhase;
			files = (
			);
		};
		AB2EFBD930643116003A23FB /* Frameworks */ = {
			isa = PBXFrameworksBuildPhase;
			files = (
			);
		};
		AB2EFBE330643116003A23FB /* Frameworks */ = {
			isa = PBXFrameworksBuildPhase;
			files = (
			);
		};
/* End PBXFrameworksBuildPhase section */

/* Begin PBXGroup section */
		AB2EFBA230643115003A23FB = {
			isa = PBXGroup;
			children = (
				AB2EFBA730643115003A23FB /* Shared (App) */,
				AB2EFBB030643116003A23FB /* Shared (Extension) */,
				AB2EFBD230643116003A23FB /* macOS (App) */,
				AB2EFBEA30643116003A23FB /* macOS (Extension) */,
				AB2EFBC030643116003A23FB /* Products */,
			);
			sourceTree = "<group>";
		};
		AB2EFBC030643116003A23FB /* Products */ = {
			isa = PBXGroup;
			children = (
				AB2EFBBF30643116003A23FB /* XiaohonshuFiltration.app */,
				AB2EFBD130643116003A23FB /* XiaohonshuFiltration.app */,
				AB2EFBDC30643116003A23FB /* XiaohonshuFiltration Extension.appex */,
				AB2EFBE630643116003A23FB /* XiaohonshuFiltration Extension.appex */,
			);
			name = Products;
			sourceTree = "<group>";
		};
/* End PBXGroup section */

/* Begin PBXNativeTarget section */
		AB2EFBD030643116003A23FB /* XiaohonshuFiltration (macOS) */ = {
			isa = PBXNativeTarget;
			buildConfigurationList = AB2EFC1A30643116003A23FB /* Build configuration list for PBXNativeTarget "XiaohonshuFiltration (macOS)" */;
			buildPhases = (
				AB2EFBCD30643116003A23FB /* Sources */,
				AB2EFBCE30643116003A23FB /* Frameworks */,
				AB2EFBCF30643116003A23FB /* Resources */,
				AB2EFC1930643116003A23FB /* Embed Foundation Extensions */,
			);
			buildRules = (
			);
			dependencies = (
				AB2EFBE930643116003A23FB /* PBXTargetDependency */,
			);
			fileSystemSynchronizedGroups = (
				AB2EFBA730643115003A23FB /* Shared (App) */,
				AB2EFBD230643116003A23FB /* macOS (App) */,
			);
			name = "XiaohonshuFiltration (macOS)";
			productName = "XiaohonshuFiltration (macOS)";
			productReference = AB2EFBD130643116003A23FB /* XiaohonshuFiltration.app */;
			productType = "com.apple.product-type.application";
		};
		AB2EFBE530643116003A23FB /* XiaohonshuFiltration Extension (macOS) */ = {
			isa = PBXNativeTarget;
			buildConfigurationList = AB2EFC1530643116003A23FB /* Build configuration list for PBXNativeTarget "XiaohonshuFiltration Extension (macOS)" */;
			buildPhases = (
				AB2EFBE230643116003A23FB /* Sources */,
				AB2EFBE330643116003A23FB /* Frameworks */,
				AB2EFBE430643116003A23FB /* Resources */,
			);
			buildRules = (
			);
			fileSystemSynchronizedGroups = (
				AB2EFBB030643116003A23FB /* Shared (Extension) */,
				AB2EFBEA30643116003A23FB /* macOS (Extension) */,
			);
			name = "XiaohonshuFiltration Extension (macOS)";
			productName = "XiaohonshuFiltration Extension (macOS)";
			productReference = AB2EFBE630643116003A23FB /* XiaohonshuFiltration Extension.appex */;
			productType = "com.apple.product-type.app-extension";
		};
/* End PBXNativeTarget section */

/* Begin PBXProject section */
		AB2EFBA330643115003A23FB /* Project object */ = {
			isa = PBXProject;
			attributes = {
				BuildIndependentTargetsInParallel = 1;
				LastSwiftUpdateCheck = 2700;
				LastUpgradeCheck = 2700;
				TargetAttributes = {
					AB2EFBD030643116003A23FB = {
						CreatedOnToolsVersion = 27.0;
					};
					AB2EFBE530643116003A23FB = {
						CreatedOnToolsVersion = 27.0;
					};
				};
			};
			buildConfigurationList = AB2EFBA630643115003A23FB /* Build configuration list for PBXProject "XiaohonshuFiltration" */;
			developmentRegion = en;
			hasScannedForEncodings = 0;
			knownRegions = (
				en,
				Base,
			);
			mainGroup = AB2EFBA230643115003A23FB;
			minimizedProjectReferenceProxies = 1;
			preferredProjectObjectVersion = 77;
			productRefGroup = AB2EFBC030643116003A23FB /* Products */;
			projectDirPath = "";
			projectRoot = "";
			targets = (
				AB2EFBD030643116003A23FB /* XiaohonshuFiltration (macOS) */,
				AB2EFBE530643116003A23FB /* XiaohonshuFiltration Extension (macOS) */,
			);
		};
/* End PBXProject section */

/* Begin PBXResourcesBuildPhase section */
		AB2EFBBD30643116003A23FB /* Resources */ = {
			isa = PBXResourcesBuildPhase;
			files = (
			);
		};
		AB2EFBCF30643116003A23FB /* Resources */ = {
			isa = PBXResourcesBuildPhase;
			files = (
			);
		};
		AB2EFBDA30643116003A23FB /* Resources */ = {
			isa = PBXResourcesBuildPhase;
			files = (
			);
		};
		AB2EFBE430643116003A23FB /* Resources */ = {
			isa = PBXResourcesBuildPhase;
			files = (
			);
		};
/* End PBXResourcesBuildPhase section */

/* Begin PBXSourcesBuildPhase section */
		AB2EFBBB30643116003A23FB /* Sources */ = {
			isa = PBXSourcesBuildPhase;
			files = (
			);
		};
		AB2EFBCD30643116003A23FB /* Sources */ = {
			isa = PBXSourcesBuildPhase;
			files = (
			);
		};
		AB2EFBD830643116003A23FB /* Sources */ = {
			isa = PBXSourcesBuildPhase;
			files = (
			);
		};
		AB2EFBE230643116003A23FB /* Sources */ = {
			isa = PBXSourcesBuildPhase;
			files = (
			);
		};
/* End PBXSourcesBuildPhase section */

/* Begin PBXTargetDependency section */
		AB2EFBE930643116003A23FB /* PBXTargetDependency */ = {
			isa = PBXTargetDependency;
			target = AB2EFBE530643116003A23FB /* XiaohonshuFiltration Extension (macOS) */;
			targetProxy = AB2EFBE830643116003A23FB /* PBXContainerItemProxy */;
		};
/* End PBXTargetDependency section */

/* Begin XCBuildConfiguration section */
		AB2EFC1630643116003A23FB /* Debug configuration for PBXNativeTarget "XiaohonshuFiltration Extension (macOS)" */ = {
			isa = XCBuildConfiguration;
			buildSettings = {
				CODE_SIGN_STYLE = Automatic;
				CURRENT_PROJECT_VERSION = 1;
				DEVELOPMENT_TEAM = Z257UZXBRX;
				ENABLE_APP_SANDBOX = YES;
				ENABLE_HARDENED_RUNTIME = YES;
				ENABLE_USER_SELECTED_FILES = readonly;
				GENERATE_INFOPLIST_FILE = YES;
				INFOPLIST_FILE = "macOS (Extension)/Info.plist";
				INFOPLIST_KEY_CFBundleDisplayName = "XiaohonshuFiltration Extension";
				INFOPLIST_KEY_NSHumanReadableCopyright = "";
				LD_RUNPATH_SEARCH_PATHS = (
					"$(inherited)",
					"@executable_path/../Frameworks",
					"@executable_path/../../../../Frameworks",
				);
				MACOSX_DEPLOYMENT_TARGET = 12.0;
				MARKETING_VERSION = 1.0;
				OTHER_LDFLAGS = (
					"-framework",
					SafariServices,
				);
				PRODUCT_BUNDLE_IDENTIFIER = yangz.XiaohonshuFiltration.Extension;
				PRODUCT_NAME = "XiaohonshuFiltration Extension";
				SDKROOT = macosx;
				SKIP_INSTALL = YES;
				STRING_CATALOG_GENERATE_SYMBOLS = YES;
				SWIFT_APPROACHABLE_CONCURRENCY = YES;
				SWIFT_EMIT_LOC_STRINGS = YES;
				SWIFT_UPCOMING_FEATURE_MEMBER_IMPORT_VISIBILITY = YES;
				SWIFT_VERSION = 5.0;
			};
			name = Debug;
		};
		AB2EFC1730643116003A23FB /* Release configuration for PBXNativeTarget "XiaohonshuFiltration Extension (macOS)" */ = {
			isa = XCBuildConfiguration;
			buildSettings = {
				CODE_SIGN_STYLE = Automatic;
				CURRENT_PROJECT_VERSION = 1;
				DEVELOPMENT_TEAM = Z257UZXBRX;
				ENABLE_APP_SANDBOX = YES;
				ENABLE_HARDENED_RUNTIME = YES;
				ENABLE_USER_SELECTED_FILES = readonly;
				GENERATE_INFOPLIST_FILE = YES;
				INFOPLIST_FILE = "macOS (Extension)/Info.plist";
				INFOPLIST_KEY_CFBundleDisplayName = "XiaohonshuFiltration Extension";
				INFOPLIST_KEY_NSHumanReadableCopyright = "";
				LD_RUNPATH_SEARCH_PATHS = (
					"$(inherited)",
					"@executable_path/../Frameworks",
					"@executable_path/../../../../Frameworks",
				);
				MACOSX_DEPLOYMENT_TARGET = 12.0;
				MARKETING_VERSION = 1.0;
				OTHER_LDFLAGS = (
					"-framework",
					SafariServices,
				);
				PRODUCT_BUNDLE_IDENTIFIER = yangz.XiaohonshuFiltration.Extension;
				PRODUCT_NAME = "XiaohonshuFiltration Extension";
				SDKROOT = macosx;
				SKIP_INSTALL = YES;
				STRING_CATALOG_GENERATE_SYMBOLS = YES;
				SWIFT_APPROACHABLE_CONCURRENCY = YES;
				SWIFT_EMIT_LOC_STRINGS = YES;
				SWIFT_UPCOMING_FEATURE_MEMBER_IMPORT_VISIBILITY = YES;
				SWIFT_VERSION = 5.0;
			};
			name = Release;
		};
		AB2EFC1B30643116003A23FB /* Debug configuration for PBXNativeTarget "XiaohonshuFiltration (macOS)" */ = {
			isa = XCBuildConfiguration;
			buildSettings = {
				ASSETCATALOG_COMPILER_APPICON_NAME = AppIcon;
				ASSETCATALOG_COMPILER_GLOBAL_ACCENT_COLOR_NAME = AccentColor;
				CODE_SIGN_STYLE = Automatic;
				CURRENT_PROJECT_VERSION = 1;
				DEVELOPMENT_TEAM = Z257UZXBRX;
				ENABLE_APP_SANDBOX = YES;
				ENABLE_HARDENED_RUNTIME = YES;
				ENABLE_OUTGOING_NETWORK_CONNECTIONS = YES;
				ENABLE_USER_SELECTED_FILES = readonly;
				GENERATE_INFOPLIST_FILE = YES;
				INFOPLIST_KEY_CFBundleDisplayName = XiaohonshuFiltration;
				INFOPLIST_KEY_LSApplicationCategoryType = "public.app-category.utilities";
				INFOPLIST_KEY_NSMainStoryboardFile = Main;
				INFOPLIST_KEY_NSPrincipalClass = NSApplication;
				LD_RUNPATH_SEARCH_PATHS = (
					"$(inherited)",
					"@executable_path/../Frameworks",
				);
				MACOSX_DEPLOYMENT_TARGET = 12.0;
				MARKETING_VERSION = 1.0;
				OTHER_LDFLAGS = (
					"-framework",
					SafariServices,
					"-framework",
					WebKit,
				);
				PRODUCT_BUNDLE_IDENTIFIER = yangz.XiaohonshuFiltration;
				PRODUCT_NAME = XiaohonshuFiltration;
				REGISTER_APP_GROUPS = YES;
				SDKROOT = macosx;
				STRING_CATALOG_GENERATE_SYMBOLS = YES;
				SWIFT_APPROACHABLE_CONCURRENCY = YES;
				SWIFT_DEFAULT_ACTOR_ISOLATION = MainActor;
				SWIFT_EMIT_LOC_STRINGS = YES;
				SWIFT_UPCOMING_FEATURE_MEMBER_IMPORT_VISIBILITY = YES;
				SWIFT_VERSION = 5.0;
			};
			name = Debug;
		};
		AB2EFC1C30643116003A23FB /* Release configuration for PBXNativeTarget "XiaohonshuFiltration (macOS)" */ = {
			isa = XCBuildConfiguration;
			buildSettings = {
				ASSETCATALOG_COMPILER_APPICON_NAME = AppIcon;
				ASSETCATALOG_COMPILER_GLOBAL_ACCENT_COLOR_NAME = AccentColor;
				CODE_SIGN_STYLE = Automatic;
				CURRENT_PROJECT_VERSION = 1;
				DEVELOPMENT_TEAM = Z257UZXBRX;
				ENABLE_APP_SANDBOX = YES;
				ENABLE_HARDENED_RUNTIME = YES;
				ENABLE_OUTGOING_NETWORK_CONNECTIONS = YES;
				ENABLE_USER_SELECTED_FILES = readonly;
				GENERATE_INFOPLIST_FILE = YES;
				INFOPLIST_KEY_CFBundleDisplayName = XiaohonshuFiltration;
				INFOPLIST_KEY_LSApplicationCategoryType = "public.app-category.utilities";
				INFOPLIST_KEY_NSMainStoryboardFile = Main;
				INFOPLIST_KEY_NSPrincipalClass = NSApplication;
				LD_RUNPATH_SEARCH_PATHS = (
					"$(inherited)",
					"@executable_path/../Frameworks",
				);
				MACOSX_DEPLOYMENT_TARGET = 12.0;
				MARKETING_VERSION = 1.0;
				OTHER_LDFLAGS = (
					"-framework",
					SafariServices,
					"-framework",
					WebKit,
				);
				PRODUCT_BUNDLE_IDENTIFIER = yangz.XiaohonshuFiltration;
				PRODUCT_NAME = XiaohonshuFiltration;
				REGISTER_APP_GROUPS = YES;
				SDKROOT = macosx;
				STRING_CATALOG_GENERATE_SYMBOLS = YES;
				SWIFT_APPROACHABLE_CONCURRENCY = YES;
				SWIFT_DEFAULT_ACTOR_ISOLATION = MainActor;
				SWIFT_EMIT_LOC_STRINGS = YES;
				SWIFT_UPCOMING_FEATURE_MEMBER_IMPORT_VISIBILITY = YES;
				SWIFT_VERSION = 5.0;
			};
			name = Release;
		};
		AB2EFC1F30643116003A23FB /* Debug configuration for PBXProject "XiaohonshuFiltration" */ = {
			isa = XCBuildConfiguration;
			buildSettings = {
				ALWAYS_SEARCH_USER_PATHS = NO;
				ASSETCATALOG_COMPILER_GENERATE_SWIFT_ASSET_SYMBOL_EXTENSIONS = YES;
				CLANG_ANALYZER_NONNULL = YES;
				CLANG_ANALYZER_NUMBER_OBJECT_CONVERSION = YES_AGGRESSIVE;
				CLANG_CXX_LANGUAGE_STANDARD = "gnu++20";
				CLANG_ENABLE_MODULES = YES;
				CLANG_ENABLE_OBJC_ARC = YES;
				CLANG_ENABLE_OBJC_WEAK = YES;
				CLANG_WARN_BLOCK_CAPTURE_AUTORELEASING = YES;
				CLANG_WARN_BOOL_CONVERSION = YES;
				CLANG_WARN_COMMA = YES;
				CLANG_WARN_CONSTANT_CONVERSION = YES;
				CLANG_WARN_DEPRECATED_OBJC_IMPLEMENTATIONS = YES;
				CLANG_WARN_DIRECT_OBJC_ISA_USAGE = YES_ERROR;
				CLANG_WARN_DOCUMENTATION_COMMENTS = YES;
				CLANG_WARN_EMPTY_BODY = YES;
				CLANG_WARN_ENUM_CONVERSION = YES;
				CLANG_WARN_INFINITE_RECURSION = YES;
				CLANG_WARN_INT_CONVERSION = YES;
				CLANG_WARN_NON_LITERAL_NULL_CONVERSION = YES;
				CLANG_WARN_OBJC_IMPLICIT_RETAIN_SELF = YES;
				CLANG_WARN_OBJC_LITERAL_CONVERSION = YES;
				CLANG_WARN_OBJC_ROOT_CLASS = YES_ERROR;
				CLANG_WARN_QUOTED_INCLUDE_IN_FRAMEWORK_HEADER = YES;
				CLANG_WARN_RANGE_LOOP_ANALYSIS = YES;
				CLANG_WARN_STRICT_PROTOTYPES = YES;
				CLANG_WARN_SUSPICIOUS_MOVE = YES;
				CLANG_WARN_UNGUARDED_AVAILABILITY = YES_AGGRESSIVE;
				CLANG_WARN_UNREACHABLE_CODE = YES;
				CLANG_WARN__DUPLICATE_METHOD_MATCH = YES;
				COPY_PHASE_STRIP = NO;
				DEBUG_INFORMATION_FORMAT = dwarf;
				DEVELOPMENT_TEAM = Z257UZXBRX;
				ENABLE_STRICT_OBJC_MSGSEND = YES;
				ENABLE_TESTABILITY = YES;
				ENABLE_USER_SCRIPT_SANDBOXING = YES;
				GCC_C_LANGUAGE_STANDARD = gnu17;
				GCC_DYNAMIC_NO_PIC = NO;
				GCC_NO_COMMON_BLOCKS = YES;
				GCC_OPTIMIZATION_LEVEL = 0;
				GCC_PREPROCESSOR_DEFINITIONS = (
					"DEBUG=1",
					"$(inherited)",
				);
				GCC_WARN_64_TO_32_BIT_CONVERSION = YES;
				GCC_WARN_ABOUT_RETURN_TYPE = YES_ERROR;
				GCC_WARN_UNDECLARED_SELECTOR = YES;
				GCC_WARN_UNINITIALIZED_AUTOS = YES_AGGRESSIVE;
				GCC_WARN_UNUSED_FUNCTION = YES;
				GCC_WARN_UNUSED_VARIABLE = YES;
				LOCALIZATION_PREFERS_STRING_CATALOGS = YES;
				MTL_ENABLE_DEBUG_INFO = INCLUDE_SOURCE;
				MTL_FAST_MATH = YES;
				ONLY_ACTIVE_ARCH = YES;
				SWIFT_ACTIVE_COMPILATION_CONDITIONS = "DEBUG $(inherited)";
				SWIFT_OPTIMIZATION_LEVEL = "-Onone";
			};
			name = Debug;
		};
		AB2EFC2030643116003A23FB /* Release configuration for PBXProject "XiaohonshuFiltration" */ = {
			isa = XCBuildConfiguration;
			buildSettings = {
				ALWAYS_SEARCH_USER_PATHS = NO;
				ASSETCATALOG_COMPILER_GENERATE_SWIFT_ASSET_SYMBOL_EXTENSIONS = YES;
				CLANG_ANALYZER_NONNULL = YES;
				CLANG_ANALYZER_NUMBER_OBJECT_CONVERSION = YES_AGGRESSIVE;
				CLANG_CXX_LANGUAGE_STANDARD = "gnu++20";
				CLANG_ENABLE_MODULES = YES;
				CLANG_ENABLE_OBJC_ARC = YES;
				CLANG_ENABLE_OBJC_WEAK = YES;
				CLANG_WARN_BLOCK_CAPTURE_AUTORELEASING = YES;
				CLANG_WARN_BOOL_CONVERSION = YES;
				CLANG_WARN_COMMA = YES;
				CLANG_WARN_CONSTANT_CONVERSION = YES;
				CLANG_WARN_DEPRECATED_OBJC_IMPLEMENTATIONS = YES;
				CLANG_WARN_DIRECT_OBJC_ISA_USAGE = YES_ERROR;
				CLANG_WARN_DOCUMENTATION_COMMENTS = YES;
				CLANG_WARN_EMPTY_BODY = YES;
				CLANG_WARN_ENUM_CONVERSION = YES;
				CLANG_WARN_INFINITE_RECURSION = YES;
				CLANG_WARN_INT_CONVERSION = YES;
				CLANG_WARN_NON_LITERAL_NULL_CONVERSION = YES;
				CLANG_WARN_OBJC_IMPLICIT_RETAIN_SELF = YES;
				CLANG_WARN_OBJC_LITERAL_CONVERSION = YES;
				CLANG_WARN_OBJC_ROOT_CLASS = YES_ERROR;
				CLANG_WARN_QUOTED_INCLUDE_IN_FRAMEWORK_HEADER = YES;
				CLANG_WARN_RANGE_LOOP_ANALYSIS = YES;
				CLANG_WARN_STRICT_PROTOTYPES = YES;
				CLANG_WARN_SUSPICIOUS_MOVE = YES;
				CLANG_WARN_UNGUARDED_AVAILABILITY = YES_AGGRESSIVE;
				CLANG_WARN_UNREACHABLE_CODE = YES;
				CLANG_WARN__DUPLICATE_METHOD_MATCH = YES;
				COPY_PHASE_STRIP = NO;
				DEBUG_INFORMATION_FORMAT = "dwarf-with-dsym";
				DEVELOPMENT_TEAM = Z257UZXBRX;
				ENABLE_NS_ASSERTIONS = NO;
				ENABLE_STRICT_OBJC_MSGSEND = YES;
				ENABLE_USER_SCRIPT_SANDBOXING = YES;
				GCC_C_LANGUAGE_STANDARD = gnu17;
				GCC_NO_COMMON_BLOCKS = YES;
				GCC_WARN_64_TO_32_BIT_CONVERSION = YES;
				GCC_WARN_ABOUT_RETURN_TYPE = YES_ERROR;
				GCC_WARN_UNDECLARED_SELECTOR = YES;
				GCC_WARN_UNINITIALIZED_AUTOS = YES_AGGRESSIVE;
				GCC_WARN_UNUSED_FUNCTION = YES;
				GCC_WARN_UNUSED_VARIABLE = YES;
				LOCALIZATION_PREFERS_STRING_CATALOGS = YES;
				MTL_ENABLE_DEBUG_INFO = NO;
				MTL_FAST_MATH = YES;
				SWIFT_COMPILATION_MODE = wholemodule;
			};
			name = Release;
		};
/* End XCBuildConfiguration section */

/* Begin XCConfigurationList section */
		AB2EFBA630643115003A23FB /* Build configuration list for PBXProject "XiaohonshuFiltration" */ = {
			isa = XCConfigurationList;
			buildConfigurations = (
				AB2EFC1F30643116003A23FB /* Debug configuration for PBXProject "XiaohonshuFiltration" */,
				AB2EFC2030643116003A23FB /* Release configuration for PBXProject "XiaohonshuFiltration" */,
			);
			defaultConfigurationName = Release;
		};
		AB2EFC1530643116003A23FB /* Build configuration list for PBXNativeTarget "XiaohonshuFiltration Extension (macOS)" */ = {
			isa = XCConfigurationList;
			buildConfigurations = (
				AB2EFC1630643116003A23FB /* Debug configuration for PBXNativeTarget "XiaohonshuFiltration Extension (macOS)" */,
				AB2EFC1730643116003A23FB /* Release configuration for PBXNativeTarget "XiaohonshuFiltration Extension (macOS)" */,
			);
			defaultConfigurationName = Release;
		};
		AB2EFC1A30643116003A23FB /* Build configuration list for PBXNativeTarget "XiaohonshuFiltration (macOS)" */ = {
			isa = XCConfigurationList;
			buildConfigurations = (
				AB2EFC1B30643116003A23FB /* Debug configuration for PBXNativeTarget "XiaohonshuFiltration (macOS)" */,
				AB2EFC1C30643116003A23FB /* Release configuration for PBXNativeTarget "XiaohonshuFiltration (macOS)" */,
			);
			defaultConfigurationName = Release;
		};
/* End XCConfigurationList section */
	};
	rootObject = AB2EFBA330643115003A23FB /* Project object */;
	validationLevel = 1;
}
